
Microsoft Visual Studio Solution File, Format Version 12.00
Project("{FAE04EC0-301F-11D3-BF4B-00C04F79EFBC}") = "TicTacToe.Presentation", "TicTacToe.Presentation\TicTacToe.Presentation.csproj", "{D35F602D-092B-4A50-8ADD-3A08C2B5079E}"
EndProject
Global
	GlobalSection(SolutionConfigurationPlatforms) = preSolution
		Debug|Any CPU = Debug|Any CPU
		Release|Any CPU = Release|Any CPU
	EndGlobalSection
	GlobalSection(ProjectConfigurationPlatforms) = postSolution
		{D35F602D-092B-4A50-8ADD-3A08C2B5079E}.Debug|Any CPU.ActiveCfg = Debug|Any CPU
		{D35F602D-092B-4A50-8ADD-3A08C2B5079E}.Debug|Any CPU.Build.0 = Debug|Any CPU
		{D35F602D-092B-4A50-8ADD-3A08C2B5079E}.Release|Any CPU.ActiveCfg = Release|Any CPU
		{D35F602D-092B-4A50-8ADD-3A08C2B5079E}.Release|Any CPU.Build.0 = Release|Any CPU
	EndGlobalSection
EndGlobal
